
Microsoft Visual Studio Solution File, Format Version 12.00
# Visual Studio Version 17
VisualStudioVersion = 17.11.35219.272
MinimumVisualStudioVersion = 10.0.40219.1
Project("{2150E333-8FDC-42A3-9474-1A3956D46DE8}") = "src", "src", "{14C63FB2-342B-449B-BFFE-25F1B130B222}"
EndProject
Project("{9A19103F-16F7-4668-BE54-9A1E7A4F7556}") = "AppleShop.Share", "src\AppleShop.Share\AppleShop.Share.csproj", "{78851EA4-9BD7-44CA-B684-2EFD4CA0D93D}"
EndProject
Project("{2150E333-8FDC-42A3-9474-1A3956D46DE8}") = "APIGateway", "APIGateway", "{3D96EED4-AA73-411C-88B9-063F128757B6}"
EndProject
Project("{9A19103F-16F7-4668-BE54-9A1E7A4F7556}") = "AppleShop.APIGateway", "APIGateway\AppleShop.APIGateway\AppleShop.APIGateway.csproj", "{F8D5B802-ADFB-4553-98DB-1D8B76724432}"
EndProject
Project("{2150E333-8FDC-42A3-9474-1A3956D46DE8}") = "Solution Items", "Solution Items", "{2E055B10-EDCA-4FED-8696-79E4836CF6D9}"
	ProjectSection(SolutionItems) = preProject
		..\.gitignore = ..\.gitignore
		..\README.md = ..\README.md
	EndProjectSection
EndProject
Project("{2150E333-8FDC-42A3-9474-1A3956D46DE8}") = "AssetService", "AssetService", "{0BFCECB9-AAFA-403E-A22C-2534B5B3EBFB}"
EndProject
Project("{9A19103F-16F7-4668-BE54-9A1E7A4F7556}") = "AssetService", "AssetService\AssetService\AssetService.csproj", "{3D99C8D2-3C78-496B-ADBD-392809990910}"
EndProject
Project("{2150E333-8FDC-42A3-9474-1A3956D46DE8}") = "InventoryService", "InventoryService", "{BEC6D3A7-61AB-4592-B1C3-29F04AA0006F}"
EndProject
Project("{2150E333-8FDC-42A3-9474-1A3956D46DE8}") = "query", "query", "{184BBDCA-EE81-460C-86DE-7321CDF3AE40}"
EndProject
Project("{9A19103F-16F7-4668-BE54-9A1E7A4F7556}") = "AppleShop.inventory.queryInfrastructure", "src\InventoryService\query\AppleShop.inventory.queryInfrastructure\AppleShop.inventory.queryInfrastructure.csproj", "{FC63D1AE-8130-4A82-8406-DF8D4ADE3A97}"
EndProject
Project("{9A19103F-16F7-4668-BE54-9A1E7A4F7556}") = "AppleShop.inventory.queryApplication", "src\InventoryService\query\AppleShop.inventory.queryApplication\AppleShop.inventory.queryApplication.csproj", "{72FDA146-C72D-4A89-AEF9-CBE56477C8AC}"
EndProject
Project("{9A19103F-16F7-4668-BE54-9A1E7A4F7556}") = "AppleShop.inventory.queryApi", "src\InventoryService\query\AppleShop.inventory.queryApi\AppleShop.inventory.queryApi.csproj", "{1E4A9991-B144-4321-81E1-119681A66B0B}"
EndProject
Project("{2150E333-8FDC-42A3-9474-1A3956D46DE8}") = "command", "command", "{52ABA0C7-F6CF-45FD-BCB9-2BD20B124CF6}"
EndProject
Project("{9A19103F-16F7-4668-BE54-9A1E7A4F7556}") = "AppleShop.inventory.commandInfrastructure", "src\InventoryService\command\AppleShop.inventory.commandInfrastructure\AppleShop.inventory.commandInfrastructure.csproj", "{AFB10D4B-E533-4340-ABDF-AEB33464E1DE}"
EndProject
Project("{9A19103F-16F7-4668-BE54-9A1E7A4F7556}") = "AppleShop.inventory.commandApplication", "src\InventoryService\command\AppleShop.inventory.commandApplication\AppleShop.inventory.commandApplication.csproj", "{FC04DC0C-273D-4335-9929-04602AFA3623}"
EndProject
Project("{9A19103F-16F7-4668-BE54-9A1E7A4F7556}") = "AppleShop.inventory.commandApi", "src\InventoryService\command\AppleShop.inventory.commandApi\AppleShop.inventory.commandApi.csproj", "{086DBD42-265E-4450-9D4F-9720722C1575}"
EndProject
Project("{9A19103F-16F7-4668-BE54-9A1E7A4F7556}") = "AppleShop.inventory.Persistence", "src\InventoryService\AppleShop.inventory.Persistence\AppleShop.inventory.Persistence.csproj", "{8437894F-202A-405A-88F2-28FE8FD6B3B8}"
EndProject
Project("{9A19103F-16F7-4668-BE54-9A1E7A4F7556}") = "AppleShop.inventory.Domain", "src\InventoryService\AppleShop.inventory.Domain\AppleShop.inventory.Domain.csproj", "{A5F8ED8E-0B99-4E3A-8F7B-5D7B0194A09A}"
EndProject
Project("{2150E333-8FDC-42A3-9474-1A3956D46DE8}") = "CartService", "CartService", "{34FC30E1-ABA9-4F8B-ADEF-7FA5774F9DBC}"
EndProject
Project("{2150E333-8FDC-42A3-9474-1A3956D46DE8}") = "query", "query", "{C6A51C6B-444C-4136-B5E3-72981EF4F1D2}"
EndProject
Project("{9A19103F-16F7-4668-BE54-9A1E7A4F7556}") = "AppleShop.cart.queryInfrastructure", "src\CartService\query\AppleShop.cart.queryInfrastructure\AppleShop.cart.queryInfrastructure.csproj", "{1B1CB29A-EF11-48F1-AA4C-72686362CB35}"
EndProject
Project("{9A19103F-16F7-4668-BE54-9A1E7A4F7556}") = "AppleShop.cart.queryApplication", "src\CartService\query\AppleShop.cart.queryApplication\AppleShop.cart.queryApplication.csproj", "{87D52AB1-1982-44C9-B28B-BB43CBAEB4C5}"
EndProject
Project("{9A19103F-16F7-4668-BE54-9A1E7A4F7556}") = "AppleShop.cart.queryApi", "src\CartService\query\AppleShop.cart.queryApi\AppleShop.cart.queryApi.csproj", "{79587BD2-6029-4E0E-A4D0-3F8E24DA2B7D}"
EndProject
Project("{2150E333-8FDC-42A3-9474-1A3956D46DE8}") = "command", "command", "{982AA03D-8C0A-4FF1-9631-355287353F8A}"
EndProject
Project("{9A19103F-16F7-4668-BE54-9A1E7A4F7556}") = "AppleShop.cart.commandInfrastructure", "src\CartService\command\AppleShop.cart.commandInfrastructure\AppleShop.cart.commandInfrastructure.csproj", "{B5359554-7053-4977-A89E-7B03E9C19FDA}"
EndProject
Project("{9A19103F-16F7-4668-BE54-9A1E7A4F7556}") = "AppleShop.cart.commandApplication", "src\CartService\command\AppleShop.cart.commandApplication\AppleShop.cart.commandApplication.csproj", "{93B7A5E1-2335-42A6-AF2C-7E9F2C9947A2}"
EndProject
Project("{9A19103F-16F7-4668-BE54-9A1E7A4F7556}") = "AppleShop.cart.commandApi", "src\CartService\command\AppleShop.cart.commandApi\AppleShop.cart.commandApi.csproj", "{DD2F1021-BDCA-48E4-AB74-A062B29CCC39}"
EndProject
Project("{9A19103F-16F7-4668-BE54-9A1E7A4F7556}") = "AppleShop.cart.Persistence", "src\CartService\AppleShop.cart.Persistence\AppleShop.cart.Persistence.csproj", "{F31680DF-F3E3-4341-AC0D-28CE1B00233C}"
EndProject
Project("{9A19103F-16F7-4668-BE54-9A1E7A4F7556}") = "AppleShop.cart.Domain", "src\CartService\AppleShop.cart.Domain\AppleShop.cart.Domain.csproj", "{5BFB40B4-5FDA-4AC4-9427-1CCF95412C87}"
EndProject
Project("{2150E333-8FDC-42A3-9474-1A3956D46DE8}") = "OrderService", "OrderService", "{907D2124-E77B-4233-BB8E-CE659AB11709}"
EndProject
Project("{2150E333-8FDC-42A3-9474-1A3956D46DE8}") = "query", "query", "{B5255DFE-C4B8-4488-B8C8-DB29460618D0}"
EndProject
Project("{9A19103F-16F7-4668-BE54-9A1E7A4F7556}") = "AppleShop.order.queryInfrastructure", "src\OrderService\query\AppleShop.order.queryInfrastructure\AppleShop.order.queryInfrastructure.csproj", "{D8F34FB3-2CD0-406A-99E2-C48B2A8E6B5D}"
EndProject
Project("{9A19103F-16F7-4668-BE54-9A1E7A4F7556}") = "AppleShop.order.queryApplication", "src\OrderService\query\AppleShop.order.queryApplication\AppleShop.order.queryApplication.csproj", "{1B99764A-410D-4105-BA6C-3A742FF955D0}"
EndProject
Project("{9A19103F-16F7-4668-BE54-9A1E7A4F7556}") = "AppleShop.order.queryApi", "src\OrderService\query\AppleShop.order.queryApi\AppleShop.order.queryApi.csproj", "{D13CB046-83B6-43FA-9363-4205641650D3}"
EndProject
Project("{2150E333-8FDC-42A3-9474-1A3956D46DE8}") = "command", "command", "{206B96A0-F100-4615-92BD-20B6EB1F5634}"
EndProject
Project("{9A19103F-16F7-4668-BE54-9A1E7A4F7556}") = "AppleShop.order.commandInfrastructure", "src\OrderService\command\AppleShop.order.commandInfrastructure\AppleShop.order.commandInfrastructure.csproj", "{F4182314-CEA2-4B36-B983-9515E94C41FC}"
EndProject
Project("{9A19103F-16F7-4668-BE54-9A1E7A4F7556}") = "AppleShop.order.commandApplication", "src\OrderService\command\AppleShop.order.commandApplication\AppleShop.order.commandApplication.csproj", "{0FD4B7A5-B576-4C58-BC1E-BC8C51B8A765}"
EndProject
Project("{9A19103F-16F7-4668-BE54-9A1E7A4F7556}") = "AppleShop.order.commandApi", "src\OrderService\command\AppleShop.order.commandApi\AppleShop.order.commandApi.csproj", "{A90F3E89-8796-4AD3-BE15-0BDAD3BAD558}"
EndProject
Project("{9A19103F-16F7-4668-BE54-9A1E7A4F7556}") = "AppleShop.order.Persistence", "src\OrderService\AppleShop.order.Persistence\AppleShop.order.Persistence.csproj", "{15C68ED6-A4B2-4E2F-B0A1-28081CE513CF}"
EndProject
Project("{9A19103F-16F7-4668-BE54-9A1E7A4F7556}") = "AppleShop.order.Domain", "src\OrderService\AppleShop.order.Domain\AppleShop.order.Domain.csproj", "{3F9ACF47-1E40-4872-8840-08D2F6777C57}"
EndProject
Project("{2150E333-8FDC-42A3-9474-1A3956D46DE8}") = "UserService", "UserService", "{E98E0452-2A2D-4789-8B1D-149AA495078A}"
EndProject
Project("{2150E333-8FDC-42A3-9474-1A3956D46DE8}") = "query", "query", "{798BF9D3-4675-45B1-8216-A9EE08CE95DD}"
EndProject
Project("{9A19103F-16F7-4668-BE54-9A1E7A4F7556}") = "AppleShop.user.queryInfrastructure", "src\UserService\query\AppleShop.user.queryInfrastructure\AppleShop.user.queryInfrastructure.csproj", "{235206CA-92D4-4DEB-B5AA-5B5042BDFDD8}"
EndProject
Project("{9A19103F-16F7-4668-BE54-9A1E7A4F7556}") = "AppleShop.user.queryApplication", "src\UserService\query\AppleShop.user.queryApplication\AppleShop.user.queryApplication.csproj", "{850EE847-5E55-4362-9FEF-47284C5B5D4A}"
EndProject
Project("{9A19103F-16F7-4668-BE54-9A1E7A4F7556}") = "AppleShop.user.queryApi", "src\UserService\query\AppleShop.user.queryApi\AppleShop.user.queryApi.csproj", "{F0922B25-CB62-41CE-BF00-DC0F5EA98393}"
EndProject
Project("{2150E333-8FDC-42A3-9474-1A3956D46DE8}") = "command", "command", "{7460232A-A4D4-4F02-A692-C062353E21DD}"
EndProject
Project("{9A19103F-16F7-4668-BE54-9A1E7A4F7556}") = "AppleShop.user.commandInfrastructure", "src\UserService\command\AppleShop.user.commandInfrastructure\AppleShop.user.commandInfrastructure.csproj", "{2B4736D7-9B53-4F37-8A56-E888F39A4C57}"
EndProject
Project("{9A19103F-16F7-4668-BE54-9A1E7A4F7556}") = "AppleShop.user.commandApplication", "src\UserService\command\AppleShop.user.commandApplication\AppleShop.user.commandApplication.csproj", "{BC13F71B-FC2D-4C20-B78D-64C09A595661}"
EndProject
Project("{9A19103F-16F7-4668-BE54-9A1E7A4F7556}") = "AppleShop.user.commandApi", "src\UserService\command\AppleShop.user.commandApi\AppleShop.user.commandApi.csproj", "{8448574B-54D5-4612-BBDB-DC498B147F1D}"
EndProject
Project("{9A19103F-16F7-4668-BE54-9A1E7A4F7556}") = "AppleShop.user.Persistence", "src\UserService\AppleShop.user.Persistence\AppleShop.user.Persistence.csproj", "{B9E6EA47-5FA8-49F8-9EA9-20130396A3AF}"
EndProject
Project("{9A19103F-16F7-4668-BE54-9A1E7A4F7556}") = "AppleShop.user.Domain", "src\UserService\AppleShop.user.Domain\AppleShop.user.Domain.csproj", "{931492F5-CFD5-4BA9-A7A6-09F3FC142386}"
EndProject
Project("{2150E333-8FDC-42A3-9474-1A3956D46DE8}") = "AuthService", "AuthService", "{77B67E19-B9D6-4066-937C-D6829A55D35D}"
EndProject
Project("{2150E333-8FDC-42A3-9474-1A3956D46DE8}") = "query", "query", "{97068AEA-E945-4869-8B1A-93AE32DCD5CF}"
EndProject
Project("{9A19103F-16F7-4668-BE54-9A1E7A4F7556}") = "AppleShop.auth.queryInfrastructure", "src\AuthService\query\AppleShop.auth.queryInfrastructure\AppleShop.auth.queryInfrastructure.csproj", "{96C1CE30-24DF-4E1C-8C8C-BED1C3AAA07C}"
EndProject
Project("{9A19103F-16F7-4668-BE54-9A1E7A4F7556}") = "AppleShop.auth.queryApplication", "src\AuthService\query\AppleShop.auth.queryApplication\AppleShop.auth.queryApplication.csproj", "{1E900462-64E2-4856-98A3-892DDDEFF329}"
EndProject
Project("{9A19103F-16F7-4668-BE54-9A1E7A4F7556}") = "AppleShop.auth.queryApi", "src\AuthService\query\AppleShop.auth.queryApi\AppleShop.auth.queryApi.csproj", "{464433B0-97ED-4CCE-AD4E-DFA63E92336D}"
EndProject
Project("{2150E333-8FDC-42A3-9474-1A3956D46DE8}") = "command", "command", "{3DCA7B73-A16F-48EC-A721-EA9C6502E820}"
EndProject
Project("{9A19103F-16F7-4668-BE54-9A1E7A4F7556}") = "AppleShop.auth.commandInfrastructure", "src\AuthService\command\AppleShop.auth.commandInfrastructure\AppleShop.auth.commandInfrastructure.csproj", "{0DEC079C-0F87-4536-9FD8-3FB2A5172D87}"
EndProject
Project("{9A19103F-16F7-4668-BE54-9A1E7A4F7556}") = "AppleShop.auth.commandApplication", "src\AuthService\command\AppleShop.auth.commandApplication\AppleShop.auth.commandApplication.csproj", "{8D9A6C0D-4A15-4E87-8976-B389A1A03322}"
EndProject
Project("{9A19103F-16F7-4668-BE54-9A1E7A4F7556}") = "AppleShop.auth.commandApi", "src\AuthService\command\AppleShop.auth.commandApi\AppleShop.auth.commandApi.csproj", "{0867B934-E264-47AD-9463-A3700B63D256}"
EndProject
Project("{9A19103F-16F7-4668-BE54-9A1E7A4F7556}") = "AppleShop.auth.Persistence", "src\AuthService\AppleShop.auth.Persistence\AppleShop.auth.Persistence.csproj", "{DA598569-B458-4578-931D-8C7FD66688B5}"
EndProject
Project("{9A19103F-16F7-4668-BE54-9A1E7A4F7556}") = "AppleShop.auth.Domain", "src\AuthService\AppleShop.auth.Domain\AppleShop.auth.Domain.csproj", "{158E0B08-9D4B-47C9-99F4-C336EAE5FE68}"
EndProject
Project("{2150E333-8FDC-42A3-9474-1A3956D46DE8}") = "PromotionService", "PromotionService", "{DFBF2FEA-C072-45FC-BA7E-3BD90AD5F759}"
EndProject
Project("{2150E333-8FDC-42A3-9474-1A3956D46DE8}") = "query", "query", "{CE10308E-E299-4058-AABD-18925B31B3B0}"
EndProject
Project("{9A19103F-16F7-4668-BE54-9A1E7A4F7556}") = "AppleShop.promotion.queryInfrastructure", "src\PromotionService\query\AppleShop.promotion.queryInfrastructure\AppleShop.promotion.queryInfrastructure.csproj", "{F43BDDF1-F8FF-423B-8DB0-EC07F59E6B9F}"
EndProject
Project("{9A19103F-16F7-4668-BE54-9A1E7A4F7556}") = "AppleShop.promotion.queryApplication", "src\PromotionService\query\AppleShop.promotion.queryApplication\AppleShop.promotion.queryApplication.csproj", "{3D70B66C-03E8-45EF-BCA1-2509AE4AA3A8}"
EndProject
Project("{9A19103F-16F7-4668-BE54-9A1E7A4F7556}") = "AppleShop.promotion.queryApi", "src\PromotionService\query\AppleShop.promotion.queryApi\AppleShop.promotion.queryApi.csproj", "{EFAF6818-F143-4719-8CDF-7496190EEA42}"
EndProject
Project("{2150E333-8FDC-42A3-9474-1A3956D46DE8}") = "command", "command", "{86842646-8909-42E4-8279-2E14100B05BE}"
EndProject
Project("{9A19103F-16F7-4668-BE54-9A1E7A4F7556}") = "AppleShop.promotion.commandInfrastructure", "src\PromotionService\command\AppleShop.promotion.commandInfrastructure\AppleShop.promotion.commandInfrastructure.csproj", "{CAF2A238-A31F-424F-AB69-2920C3EE3FCA}"
EndProject
Project("{9A19103F-16F7-4668-BE54-9A1E7A4F7556}") = "AppleShop.promotion.commandApplication", "src\PromotionService\command\AppleShop.promotion.commandApplication\AppleShop.promotion.commandApplication.csproj", "{F5096CBE-B41C-4CB8-AF7C-A88E40E1BA27}"
EndProject
Project("{9A19103F-16F7-4668-BE54-9A1E7A4F7556}") = "AppleShop.promotion.commandApi", "src\PromotionService\command\AppleShop.promotion.commandApi\AppleShop.promotion.commandApi.csproj", "{229B1813-73F8-4F14-88CC-1BBD6EB4BCFE}"
EndProject
Project("{9A19103F-16F7-4668-BE54-9A1E7A4F7556}") = "AppleShop.promotion.Persistence", "src\PromotionService\AppleShop.promotion.Persistence\AppleShop.promotion.Persistence.csproj", "{0DD30406-461F-4CEA-8203-D4A515CA7D70}"
EndProject
Project("{9A19103F-16F7-4668-BE54-9A1E7A4F7556}") = "AppleShop.promotion.Domain", "src\PromotionService\AppleShop.promotion.Domain\AppleShop.promotion.Domain.csproj", "{81B0CE37-BC19-41FF-9730-A6A2A9F7D31E}"
EndProject
Project("{2150E333-8FDC-42A3-9474-1A3956D46DE8}") = "ProductService", "ProductService", "{8553B656-C5C2-4C1C-9C32-0F696EE41810}"
EndProject
Project("{2150E333-8FDC-42A3-9474-1A3956D46DE8}") = "query", "query", "{90758948-968B-4906-B231-3F81B8A09AA6}"
EndProject
Project("{9A19103F-16F7-4668-BE54-9A1E7A4F7556}") = "AppleShop.product.queryInfrastructure", "src\ProductService\query\AppleShop.product.queryInfrastructure\AppleShop.product.queryInfrastructure.csproj", "{B1204452-6BEA-425C-A4B3-531E8C0ADA00}"
EndProject
Project("{9A19103F-16F7-4668-BE54-9A1E7A4F7556}") = "AppleShop.product.queryApplication", "src\ProductService\query\AppleShop.product.queryApplication\AppleShop.product.queryApplication.csproj", "{D0700877-C380-43CD-BC9D-90E33D0E4597}"
EndProject
Project("{9A19103F-16F7-4668-BE54-9A1E7A4F7556}") = "AppleShop.product.queryApi", "src\ProductService\query\AppleShop.product.queryApi\AppleShop.product.queryApi.csproj", "{E2557167-CF46-446B-8C4C-747BEB8E233F}"
EndProject
Project("{2150E333-8FDC-42A3-9474-1A3956D46DE8}") = "command", "command", "{7AA0F03A-842C-4AE7-97D2-F84B4908C312}"
EndProject
Project("{9A19103F-16F7-4668-BE54-9A1E7A4F7556}") = "AppleShop.product.commandInfrastructure", "src\ProductService\command\AppleShop.product.commandInfrastructure\AppleShop.product.commandInfrastructure.csproj", "{9D8D07E2-1D63-4B72-AA43-4C9652006855}"
EndProject
Project("{9A19103F-16F7-4668-BE54-9A1E7A4F7556}") = "AppleShop.product.commandApplication", "src\ProductService\command\AppleShop.product.commandApplication\AppleShop.product.commandApplication.csproj", "{7E2B9962-B287-4892-A931-A01A27AC9558}"
EndProject
Project("{9A19103F-16F7-4668-BE54-9A1E7A4F7556}") = "AppleShop.product.commandApi", "src\ProductService\command\AppleShop.product.commandApi\AppleShop.product.commandApi.csproj", "{B10D42D8-A598-4C87-BC96-C549B90BB1FB}"
EndProject
Project("{9A19103F-16F7-4668-BE54-9A1E7A4F7556}") = "AppleShop.product.Persistence", "src\ProductService\AppleShop.product.Persistence\AppleShop.product.Persistence.csproj", "{6DE2BBE8-3515-4521-911A-D1EEF0423DA0}"
EndProject
Project("{9A19103F-16F7-4668-BE54-9A1E7A4F7556}") = "AppleShop.product.Domain", "src\ProductService\AppleShop.product.Domain\AppleShop.product.Domain.csproj", "{39B36036-22FD-4136-9290-892848F028C4}"
EndProject
Project("{2150E333-8FDC-42A3-9474-1A3956D46DE8}") = "CategoryService", "CategoryService", "{ECD26671-7792-4875-A875-80BFD506E32F}"
EndProject
Project("{2150E333-8FDC-42A3-9474-1A3956D46DE8}") = "query", "query", "{4EE731E8-FCB9-441A-9742-BDEF6E28969F}"
EndProject
Project("{9A19103F-16F7-4668-BE54-9A1E7A4F7556}") = "AppleShop.category.queryInfrastructure", "src\CategoryService\query\AppleShop.category.queryInfrastructure\AppleShop.category.queryInfrastructure.csproj", "{93DF0DA2-5C81-4EF0-8846-4A48AEA91567}"
EndProject
Project("{9A19103F-16F7-4668-BE54-9A1E7A4F7556}") = "AppleShop.category.queryApplication", "src\CategoryService\query\AppleShop.category.queryApplication\AppleShop.category.queryApplication.csproj", "{D7FBC24C-E8E2-44FE-AB0A-DA232692FBFF}"
EndProject
Project("{9A19103F-16F7-4668-BE54-9A1E7A4F7556}") = "AppleShop.category.queryApi", "src\CategoryService\query\AppleShop.category.queryApi\AppleShop.category.queryApi.csproj", "{BEF3C2CD-6016-43CE-94DF-6FAA74148CC4}"
EndProject
Project("{2150E333-8FDC-42A3-9474-1A3956D46DE8}") = "command", "command", "{6D4F9292-F136-4D75-9134-99D310B2173D}"
EndProject
Project("{9A19103F-16F7-4668-BE54-9A1E7A4F7556}") = "AppleShop.category.commandInfrastructure", "src\CategoryService\command\AppleShop.category.commandInfrastructure\AppleShop.category.commandInfrastructure.csproj", "{650A2879-1F38-43AE-9664-70F0706B88F9}"
EndProject
Project("{9A19103F-16F7-4668-BE54-9A1E7A4F7556}") = "AppleShop.category.commandApplication", "src\CategoryService\command\AppleShop.category.commandApplication\AppleShop.category.commandApplication.csproj", "{16C0B5A9-03BA-4C88-9DAA-910BBB6E8586}"
EndProject
Project("{9A19103F-16F7-4668-BE54-9A1E7A4F7556}") = "AppleShop.category.commandApi", "src\CategoryService\command\AppleShop.category.commandApi\AppleShop.category.commandApi.csproj", "{2DEFC7FE-DDDD-4179-A73C-F201C0AA67DB}"
EndProject
Project("{9A19103F-16F7-4668-BE54-9A1E7A4F7556}") = "AppleShop.category.Persistence", "src\CategoryService\AppleShop.category.Persistence\AppleShop.category.Persistence.csproj", "{0D7056B4-1205-42FE-A2BE-77F42DA207B6}"
EndProject
Project("{9A19103F-16F7-4668-BE54-9A1E7A4F7556}") = "AppleShop.category.Domain", "src\CategoryService\AppleShop.category.Domain\AppleShop.category.Domain.csproj", "{27C90A95-C707-41E9-89D1-2BBEDE328609}"
EndProject
Global
	GlobalSection(SolutionConfigurationPlatforms) = preSolution
		Debug|Any CPU = Debug|Any CPU
		Release|Any CPU = Release|Any CPU
	EndGlobalSection
	GlobalSection(ProjectConfigurationPlatforms) = postSolution
		{78851EA4-9BD7-44CA-B684-2EFD4CA0D93D}.Debug|Any CPU.ActiveCfg = Debug|Any CPU
		{78851EA4-9BD7-44CA-B684-2EFD4CA0D93D}.Debug|Any CPU.Build.0 = Debug|Any CPU
		{78851EA4-9BD7-44CA-B684-2EFD4CA0D93D}.Release|Any CPU.ActiveCfg = Release|Any CPU
		{78851EA4-9BD7-44CA-B684-2EFD4CA0D93D}.Release|Any CPU.Build.0 = Release|Any CPU
		{F8D5B802-ADFB-4553-98DB-1D8B76724432}.Debug|Any CPU.ActiveCfg = Debug|Any CPU
		{F8D5B802-ADFB-4553-98DB-1D8B76724432}.Debug|Any CPU.Build.0 = Debug|Any CPU
		{F8D5B802-ADFB-4553-98DB-1D8B76724432}.Release|Any CPU.ActiveCfg = Release|Any CPU
		{F8D5B802-ADFB-4553-98DB-1D8B76724432}.Release|Any CPU.Build.0 = Release|Any CPU
		{3D99C8D2-3C78-496B-ADBD-392809990910}.Debug|Any CPU.ActiveCfg = Debug|Any CPU
		{3D99C8D2-3C78-496B-ADBD-392809990910}.Debug|Any CPU.Build.0 = Debug|Any CPU
		{3D99C8D2-3C78-496B-ADBD-392809990910}.Release|Any CPU.ActiveCfg = Release|Any CPU
		{3D99C8D2-3C78-496B-ADBD-392809990910}.Release|Any CPU.Build.0 = Release|Any CPU
		{FC63D1AE-8130-4A82-8406-DF8D4ADE3A97}.Debug|Any CPU.ActiveCfg = Debug|Any CPU
		{FC63D1AE-8130-4A82-8406-DF8D4ADE3A97}.Debug|Any CPU.Build.0 = Debug|Any CPU
		{FC63D1AE-8130-4A82-8406-DF8D4ADE3A97}.Release|Any CPU.ActiveCfg = Release|Any CPU
		{FC63D1AE-8130-4A82-8406-DF8D4ADE3A97}.Release|Any CPU.Build.0 = Release|Any CPU
		{72FDA146-C72D-4A89-AEF9-CBE56477C8AC}.Debug|Any CPU.ActiveCfg = Debug|Any CPU
		{72FDA146-C72D-4A89-AEF9-CBE56477C8AC}.Debug|Any CPU.Build.0 = Debug|Any CPU
		{72FDA146-C72D-4A89-AEF9-CBE56477C8AC}.Release|Any CPU.ActiveCfg = Release|Any CPU
		{72FDA146-C72D-4A89-AEF9-CBE56477C8AC}.Release|Any CPU.Build.0 = Release|Any CPU
		{1E4A9991-B144-4321-81E1-119681A66B0B}.Debug|Any CPU.ActiveCfg = Debug|Any CPU
		{1E4A9991-B144-4321-81E1-119681A66B0B}.Debug|Any CPU.Build.0 = Debug|Any CPU
		{1E4A9991-B144-4321-81E1-119681A66B0B}.Release|Any CPU.ActiveCfg = Release|Any CPU
		{1E4A9991-B144-4321-81E1-119681A66B0B}.Release|Any CPU.Build.0 = Release|Any CPU
		{AFB10D4B-E533-4340-ABDF-AEB33464E1DE}.Debug|Any CPU.ActiveCfg = Debug|Any CPU
		{AFB10D4B-E533-4340-ABDF-AEB33464E1DE}.Debug|Any CPU.Build.0 = Debug|Any CPU
		{AFB10D4B-E533-4340-ABDF-AEB33464E1DE}.Release|Any CPU.ActiveCfg = Release|Any CPU
		{AFB10D4B-E533-4340-ABDF-AEB33464E1DE}.Release|Any CPU.Build.0 = Release|Any CPU
		{FC04DC0C-273D-4335-9929-04602AFA3623}.Debug|Any CPU.ActiveCfg = Debug|Any CPU
		{FC04DC0C-273D-4335-9929-04602AFA3623}.Debug|Any CPU.Build.0 = Debug|Any CPU
		{FC04DC0C-273D-4335-9929-04602AFA3623}.Release|Any CPU.ActiveCfg = Release|Any CPU
		{FC04DC0C-273D-4335-9929-04602AFA3623}.Release|Any CPU.Build.0 = Release|Any CPU
		{086DBD42-265E-4450-9D4F-9720722C1575}.Debug|Any CPU.ActiveCfg = Debug|Any CPU
		{086DBD42-265E-4450-9D4F-9720722C1575}.Debug|Any CPU.Build.0 = Debug|Any CPU
		{086DBD42-265E-4450-9D4F-9720722C1575}.Release|Any CPU.ActiveCfg = Release|Any CPU
		{086DBD42-265E-4450-9D4F-9720722C1575}.Release|Any CPU.Build.0 = Release|Any CPU
		{8437894F-202A-405A-88F2-28FE8FD6B3B8}.Debug|Any CPU.ActiveCfg = Debug|Any CPU
		{8437894F-202A-405A-88F2-28FE8FD6B3B8}.Debug|Any CPU.Build.0 = Debug|Any CPU
		{8437894F-202A-405A-88F2-28FE8FD6B3B8}.Release|Any CPU.ActiveCfg = Release|Any CPU
		{8437894F-202A-405A-88F2-28FE8FD6B3B8}.Release|Any CPU.Build.0 = Release|Any CPU
		{A5F8ED8E-0B99-4E3A-8F7B-5D7B0194A09A}.Debug|Any CPU.ActiveCfg = Debug|Any CPU
		{A5F8ED8E-0B99-4E3A-8F7B-5D7B0194A09A}.Debug|Any CPU.Build.0 = Debug|Any CPU
		{A5F8ED8E-0B99-4E3A-8F7B-5D7B0194A09A}.Release|Any CPU.ActiveCfg = Release|Any CPU
		{A5F8ED8E-0B99-4E3A-8F7B-5D7B0194A09A}.Release|Any CPU.Build.0 = Release|Any CPU
		{1B1CB29A-EF11-48F1-AA4C-72686362CB35}.Debug|Any CPU.ActiveCfg = Debug|Any CPU
		{1B1CB29A-EF11-48F1-AA4C-72686362CB35}.Debug|Any CPU.Build.0 = Debug|Any CPU
		{1B1CB29A-EF11-48F1-AA4C-72686362CB35}.Release|Any CPU.ActiveCfg = Release|Any CPU
		{1B1CB29A-EF11-48F1-AA4C-72686362CB35}.Release|Any CPU.Build.0 = Release|Any CPU
		{87D52AB1-1982-44C9-B28B-BB43CBAEB4C5}.Debug|Any CPU.ActiveCfg = Debug|Any CPU
		{87D52AB1-1982-44C9-B28B-BB43CBAEB4C5}.Debug|Any CPU.Build.0 = Debug|Any CPU
		{87D52AB1-1982-44C9-B28B-BB43CBAEB4C5}.Release|Any CPU.ActiveCfg = Release|Any CPU
		{87D52AB1-1982-44C9-B28B-BB43CBAEB4C5}.Release|Any CPU.Build.0 = Release|Any CPU
		{79587BD2-6029-4E0E-A4D0-3F8E24DA2B7D}.Debug|Any CPU.ActiveCfg = Debug|Any CPU
		{79587BD2-6029-4E0E-A4D0-3F8E24DA2B7D}.Debug|Any CPU.Build.0 = Debug|Any CPU
		{79587BD2-6029-4E0E-A4D0-3F8E24DA2B7D}.Release|Any CPU.ActiveCfg = Release|Any CPU
		{79587BD2-6029-4E0E-A4D0-3F8E24DA2B7D}.Release|Any CPU.Build.0 = Release|Any CPU
		{B5359554-7053-4977-A89E-7B03E9C19FDA}.Debug|Any CPU.ActiveCfg = Debug|Any CPU
		{B5359554-7053-4977-A89E-7B03E9C19FDA}.Debug|Any CPU.Build.0 = Debug|Any CPU
		{B5359554-7053-4977-A89E-7B03E9C19FDA}.Release|Any CPU.ActiveCfg = Release|Any CPU
		{B5359554-7053-4977-A89E-7B03E9C19FDA}.Release|Any CPU.Build.0 = Release|Any CPU
		{93B7A5E1-2335-42A6-AF2C-7E9F2C9947A2}.Debug|Any CPU.ActiveCfg = Debug|Any CPU
		{93B7A5E1-2335-42A6-AF2C-7E9F2C9947A2}.Debug|Any CPU.Build.0 = Debug|Any CPU
		{93B7A5E1-2335-42A6-AF2C-7E9F2C9947A2}.Release|Any CPU.ActiveCfg = Release|Any CPU
		{93B7A5E1-2335-42A6-AF2C-7E9F2C9947A2}.Release|Any CPU.Build.0 = Release|Any CPU
		{DD2F1021-BDCA-48E4-AB74-A062B29CCC39}.Debug|Any CPU.ActiveCfg = Debug|Any CPU
		{DD2F1021-BDCA-48E4-AB74-A062B29CCC39}.Debug|Any CPU.Build.0 = Debug|Any CPU
		{DD2F1021-BDCA-48E4-AB74-A062B29CCC39}.Release|Any CPU.ActiveCfg = Release|Any CPU
		{DD2F1021-BDCA-48E4-AB74-A062B29CCC39}.Release|Any CPU.Build.0 = Release|Any CPU
		{F31680DF-F3E3-4341-AC0D-28CE1B00233C}.Debug|Any CPU.ActiveCfg = Debug|Any CPU
		{F31680DF-F3E3-4341-AC0D-28CE1B00233C}.Debug|Any CPU.Build.0 = Debug|Any CPU
		{F31680DF-F3E3-4341-AC0D-28CE1B00233C}.Release|Any CPU.ActiveCfg = Release|Any CPU
		{F31680DF-F3E3-4341-AC0D-28CE1B00233C}.Release|Any CPU.Build.0 = Release|Any CPU
		{5BFB40B4-5FDA-4AC4-9427-1CCF95412C87}.Debug|Any CPU.ActiveCfg = Debug|Any CPU
		{5BFB40B4-5FDA-4AC4-9427-1CCF95412C87}.Debug|Any CPU.Build.0 = Debug|Any CPU
		{5BFB40B4-5FDA-4AC4-9427-1CCF95412C87}.Release|Any CPU.ActiveCfg = Release|Any CPU
		{5BFB40B4-5FDA-4AC4-9427-1CCF95412C87}.Release|Any CPU.Build.0 = Release|Any CPU
		{D8F34FB3-2CD0-406A-99E2-C48B2A8E6B5D}.Debug|Any CPU.ActiveCfg = Debug|Any CPU
		{D8F34FB3-2CD0-406A-99E2-C48B2A8E6B5D}.Debug|Any CPU.Build.0 = Debug|Any CPU
		{D8F34FB3-2CD0-406A-99E2-C48B2A8E6B5D}.Release|Any CPU.ActiveCfg = Release|Any CPU
		{D8F34FB3-2CD0-406A-99E2-C48B2A8E6B5D}.Release|Any CPU.Build.0 = Release|Any CPU
		{1B99764A-410D-4105-BA6C-3A742FF955D0}.Debug|Any CPU.ActiveCfg = Debug|Any CPU
		{1B99764A-410D-4105-BA6C-3A742FF955D0}.Debug|Any CPU.Build.0 = Debug|Any CPU
		{1B99764A-410D-4105-BA6C-3A742FF955D0}.Release|Any CPU.ActiveCfg = Release|Any CPU
		{1B99764A-410D-4105-BA6C-3A742FF955D0}.Release|Any CPU.Build.0 = Release|Any CPU
		{D13CB046-83B6-43FA-9363-4205641650D3}.Debug|Any CPU.ActiveCfg = Debug|Any CPU
		{D13CB046-83B6-43FA-9363-4205641650D3}.Debug|Any CPU.Build.0 = Debug|Any CPU
		{D13CB046-83B6-43FA-9363-4205641650D3}.Release|Any CPU.ActiveCfg = Release|Any CPU
		{D13CB046-83B6-43FA-9363-4205641650D3}.Release|Any CPU.Build.0 = Release|Any CPU
		{F4182314-CEA2-4B36-B983-9515E94C41FC}.Debug|Any CPU.ActiveCfg = Debug|Any CPU
		{F4182314-CEA2-4B36-B983-9515E94C41FC}.Debug|Any CPU.Build.0 = Debug|Any CPU
		{F4182314-CEA2-4B36-B983-9515E94C41FC}.Release|Any CPU.ActiveCfg = Release|Any CPU
		{F4182314-CEA2-4B36-B983-9515E94C41FC}.Release|Any CPU.Build.0 = Release|Any CPU
		{0FD4B7A5-B576-4C58-BC1E-BC8C51B8A765}.Debug|Any CPU.ActiveCfg = Debug|Any CPU
		{0FD4B7A5-B576-4C58-BC1E-BC8C51B8A765}.Debug|Any CPU.Build.0 = Debug|Any CPU
		{0FD4B7A5-B576-4C58-BC1E-BC8C51B8A765}.Release|Any CPU.ActiveCfg = Release|Any CPU
		{0FD4B7A5-B576-4C58-BC1E-BC8C51B8A765}.Release|Any CPU.Build.0 = Release|Any CPU
		{A90F3E89-8796-4AD3-BE15-0BDAD3BAD558}.Debug|Any CPU.ActiveCfg = Debug|Any CPU
		{A90F3E89-8796-4AD3-BE15-0BDAD3BAD558}.Debug|Any CPU.Build.0 = Debug|Any CPU
		{A90F3E89-8796-4AD3-BE15-0BDAD3BAD558}.Release|Any CPU.ActiveCfg = Release|Any CPU
		{A90F3E89-8796-4AD3-BE15-0BDAD3BAD558}.Release|Any CPU.Build.0 = Release|Any CPU
		{15C68ED6-A4B2-4E2F-B0A1-28081CE513CF}.Debug|Any CPU.ActiveCfg = Debug|Any CPU
		{15C68ED6-A4B2-4E2F-B0A1-28081CE513CF}.Debug|Any CPU.Build.0 = Debug|Any CPU
		{15C68ED6-A4B2-4E2F-B0A1-28081CE513CF}.Release|Any CPU.ActiveCfg = Release|Any CPU
		{15C68ED6-A4B2-4E2F-B0A1-28081CE513CF}.Release|Any CPU.Build.0 = Release|Any CPU
		{3F9ACF47-1E40-4872-8840-08D2F6777C57}.Debug|Any CPU.ActiveCfg = Debug|Any CPU
		{3F9ACF47-1E40-4872-8840-08D2F6777C57}.Debug|Any CPU.Build.0 = Debug|Any CPU
		{3F9ACF47-1E40-4872-8840-08D2F6777C57}.Release|Any CPU.ActiveCfg = Release|Any CPU
		{3F9ACF47-1E40-4872-8840-08D2F6777C57}.Release|Any CPU.Build.0 = Release|Any CPU
		{235206CA-92D4-4DEB-B5AA-5B5042BDFDD8}.Debug|Any CPU.ActiveCfg = Debug|Any CPU
		{235206CA-92D4-4DEB-B5AA-5B5042BDFDD8}.Debug|Any CPU.Build.0 = Debug|Any CPU
		{235206CA-92D4-4DEB-B5AA-5B5042BDFDD8}.Release|Any CPU.ActiveCfg = Release|Any CPU
		{235206CA-92D4-4DEB-B5AA-5B5042BDFDD8}.Release|Any CPU.Build.0 = Release|Any CPU
		{850EE847-5E55-4362-9FEF-47284C5B5D4A}.Debug|Any CPU.ActiveCfg = Debug|Any CPU
		{850EE847-5E55-4362-9FEF-47284C5B5D4A}.Debug|Any CPU.Build.0 = Debug|Any CPU
		{850EE847-5E55-4362-9FEF-47284C5B5D4A}.Release|Any CPU.ActiveCfg = Release|Any CPU
		{850EE847-5E55-4362-9FEF-47284C5B5D4A}.Release|Any CPU.Build.0 = Release|Any CPU
		{F0922B25-CB62-41CE-BF00-DC0F5EA98393}.Debug|Any CPU.ActiveCfg = Debug|Any CPU
		{F0922B25-CB62-41CE-BF00-DC0F5EA98393}.Debug|Any CPU.Build.0 = Debug|Any CPU
		{F0922B25-CB62-41CE-BF00-DC0F5EA98393}.Release|Any CPU.ActiveCfg = Release|Any CPU
		{F0922B25-CB62-41CE-BF00-DC0F5EA98393}.Release|Any CPU.Build.0 = Release|Any CPU
		{2B4736D7-9B53-4F37-8A56-E888F39A4C57}.Debug|Any CPU.ActiveCfg = Debug|Any CPU
		{2B4736D7-9B53-4F37-8A56-E888F39A4C57}.Debug|Any CPU.Build.0 = Debug|Any CPU
		{2B4736D7-9B53-4F37-8A56-E888F39A4C57}.Release|Any CPU.ActiveCfg = Release|Any CPU
		{2B4736D7-9B53-4F37-8A56-E888F39A4C57}.Release|Any CPU.Build.0 = Release|Any CPU
		{BC13F71B-FC2D-4C20-B78D-64C09A595661}.Debug|Any CPU.ActiveCfg = Debug|Any CPU
		{BC13F71B-FC2D-4C20-B78D-64C09A595661}.Debug|Any CPU.Build.0 = Debug|Any CPU
		{BC13F71B-FC2D-4C20-B78D-64C09A595661}.Release|Any CPU.ActiveCfg = Release|Any CPU
		{BC13F71B-FC2D-4C20-B78D-64C09A595661}.Release|Any CPU.Build.0 = Release|Any CPU
		{8448574B-54D5-4612-BBDB-DC498B147F1D}.Debug|Any CPU.ActiveCfg = Debug|Any CPU
		{8448574B-54D5-4612-BBDB-DC498B147F1D}.Debug|Any CPU.Build.0 = Debug|Any CPU
		{8448574B-54D5-4612-BBDB-DC498B147F1D}.Release|Any CPU.ActiveCfg = Release|Any CPU
		{8448574B-54D5-4612-BBDB-DC498B147F1D}.Release|Any CPU.Build.0 = Release|Any CPU
		{B9E6EA47-5FA8-49F8-9EA9-20130396A3AF}.Debug|Any CPU.ActiveCfg = Debug|Any CPU
		{B9E6EA47-5FA8-49F8-9EA9-20130396A3AF}.Debug|Any CPU.Build.0 = Debug|Any CPU
		{B9E6EA47-5FA8-49F8-9EA9-20130396A3AF}.Release|Any CPU.ActiveCfg = Release|Any CPU
		{B9E6EA47-5FA8-49F8-9EA9-20130396A3AF}.Release|Any CPU.Build.0 = Release|Any CPU
		{931492F5-CFD5-4BA9-A7A6-09F3FC142386}.Debug|Any CPU.ActiveCfg = Debug|Any CPU
		{931492F5-CFD5-4BA9-A7A6-09F3FC142386}.Debug|Any CPU.Build.0 = Debug|Any CPU
		{931492F5-CFD5-4BA9-A7A6-09F3FC142386}.Release|Any CPU.ActiveCfg = Release|Any CPU
		{931492F5-CFD5-4BA9-A7A6-09F3FC142386}.Release|Any CPU.Build.0 = Release|Any CPU
		{96C1CE30-24DF-4E1C-8C8C-BED1C3AAA07C}.Debug|Any CPU.ActiveCfg = Debug|Any CPU
		{96C1CE30-24DF-4E1C-8C8C-BED1C3AAA07C}.Debug|Any CPU.Build.0 = Debug|Any CPU
		{96C1CE30-24DF-4E1C-8C8C-BED1C3AAA07C}.Release|Any CPU.ActiveCfg = Release|Any CPU
		{96C1CE30-24DF-4E1C-8C8C-BED1C3AAA07C}.Release|Any CPU.Build.0 = Release|Any CPU
		{1E900462-64E2-4856-98A3-892DDDEFF329}.Debug|Any CPU.ActiveCfg = Debug|Any CPU
		{1E900462-64E2-4856-98A3-892DDDEFF329}.Debug|Any CPU.Build.0 = Debug|Any CPU
		{1E900462-64E2-4856-98A3-892DDDEFF329}.Release|Any CPU.ActiveCfg = Release|Any CPU
		{1E900462-64E2-4856-98A3-892DDDEFF329}.Release|Any CPU.Build.0 = Release|Any CPU
		{464433B0-97ED-4CCE-AD4E-DFA63E92336D}.Debug|Any CPU.ActiveCfg = Debug|Any CPU
		{464433B0-97ED-4CCE-AD4E-DFA63E92336D}.Debug|Any CPU.Build.0 = Debug|Any CPU
		{464433B0-97ED-4CCE-AD4E-DFA63E92336D}.Release|Any CPU.ActiveCfg = Release|Any CPU
		{464433B0-97ED-4CCE-AD4E-DFA63E92336D}.Release|Any CPU.Build.0 = Release|Any CPU
		{0DEC079C-0F87-4536-9FD8-3FB2A5172D87}.Debug|Any CPU.ActiveCfg = Debug|Any CPU
		{0DEC079C-0F87-4536-9FD8-3FB2A5172D87}.Debug|Any CPU.Build.0 = Debug|Any CPU
		{0DEC079C-0F87-4536-9FD8-3FB2A5172D87}.Release|Any CPU.ActiveCfg = Release|Any CPU
		{0DEC079C-0F87-4536-9FD8-3FB2A5172D87}.Release|Any CPU.Build.0 = Release|Any CPU
		{8D9A6C0D-4A15-4E87-8976-B389A1A03322}.Debug|Any CPU.ActiveCfg = Debug|Any CPU
		{8D9A6C0D-4A15-4E87-8976-B389A1A03322}.Debug|Any CPU.Build.0 = Debug|Any CPU
		{8D9A6C0D-4A15-4E87-8976-B389A1A03322}.Release|Any CPU.ActiveCfg = Release|Any CPU
		{8D9A6C0D-4A15-4E87-8976-B389A1A03322}.Release|Any CPU.Build.0 = Release|Any CPU
		{0867B934-E264-47AD-9463-A3700B63D256}.Debug|Any CPU.ActiveCfg = Debug|Any CPU
		{0867B934-E264-47AD-9463-A3700B63D256}.Debug|Any CPU.Build.0 = Debug|Any CPU
		{0867B934-E264-47AD-9463-A3700B63D256}.Release|Any CPU.ActiveCfg = Release|Any CPU
		{0867B934-E264-47AD-9463-A3700B63D256}.Release|Any CPU.Build.0 = Release|Any CPU
		{DA598569-B458-4578-931D-8C7FD66688B5}.Debug|Any CPU.ActiveCfg = Debug|Any CPU
		{DA598569-B458-4578-931D-8C7FD66688B5}.Debug|Any CPU.Build.0 = Debug|Any CPU
		{DA598569-B458-4578-931D-8C7FD66688B5}.Release|Any CPU.ActiveCfg = Release|Any CPU
		{DA598569-B458-4578-931D-8C7FD66688B5}.Release|Any CPU.Build.0 = Release|Any CPU
		{158E0B08-9D4B-47C9-99F4-C336EAE5FE68}.Debug|Any CPU.ActiveCfg = Debug|Any CPU
		{158E0B08-9D4B-47C9-99F4-C336EAE5FE68}.Debug|Any CPU.Build.0 = Debug|Any CPU
		{158E0B08-9D4B-47C9-99F4-C336EAE5FE68}.Release|Any CPU.ActiveCfg = Release|Any CPU
		{158E0B08-9D4B-47C9-99F4-C336EAE5FE68}.Release|Any CPU.Build.0 = Release|Any CPU
		{F43BDDF1-F8FF-423B-8DB0-EC07F59E6B9F}.Debug|Any CPU.ActiveCfg = Debug|Any CPU
		{F43BDDF1-F8FF-423B-8DB0-EC07F59E6B9F}.Debug|Any CPU.Build.0 = Debug|Any CPU
		{F43BDDF1-F8FF-423B-8DB0-EC07F59E6B9F}.Release|Any CPU.ActiveCfg = Release|Any CPU
		{F43BDDF1-F8FF-423B-8DB0-EC07F59E6B9F}.Release|Any CPU.Build.0 = Release|Any CPU
		{3D70B66C-03E8-45EF-BCA1-2509AE4AA3A8}.Debug|Any CPU.ActiveCfg = Debug|Any CPU
		{3D70B66C-03E8-45EF-BCA1-2509AE4AA3A8}.Debug|Any CPU.Build.0 = Debug|Any CPU
		{3D70B66C-03E8-45EF-BCA1-2509AE4AA3A8}.Release|Any CPU.ActiveCfg = Release|Any CPU
		{3D70B66C-03E8-45EF-BCA1-2509AE4AA3A8}.Release|Any CPU.Build.0 = Release|Any CPU
		{EFAF6818-F143-4719-8CDF-7496190EEA42}.Debug|Any CPU.ActiveCfg = Debug|Any CPU
		{EFAF6818-F143-4719-8CDF-7496190EEA42}.Debug|Any CPU.Build.0 = Debug|Any CPU
		{EFAF6818-F143-4719-8CDF-7496190EEA42}.Release|Any CPU.ActiveCfg = Release|Any CPU
		{EFAF6818-F143-4719-8CDF-7496190EEA42}.Release|Any CPU.Build.0 = Release|Any CPU
		{CAF2A238-A31F-424F-AB69-2920C3EE3FCA}.Debug|Any CPU.ActiveCfg = Debug|Any CPU
		{CAF2A238-A31F-424F-AB69-2920C3EE3FCA}.Debug|Any CPU.Build.0 = Debug|Any CPU
		{CAF2A238-A31F-424F-AB69-2920C3EE3FCA}.Release|Any CPU.ActiveCfg = Release|Any CPU
		{CAF2A238-A31F-424F-AB69-2920C3EE3FCA}.Release|Any CPU.Build.0 = Release|Any CPU
		{F5096CBE-B41C-4CB8-AF7C-A88E40E1BA27}.Debug|Any CPU.ActiveCfg = Debug|Any CPU
		{F5096CBE-B41C-4CB8-AF7C-A88E40E1BA27}.Debug|Any CPU.Build.0 = Debug|Any CPU
		{F5096CBE-B41C-4CB8-AF7C-A88E40E1BA27}.Release|Any CPU.ActiveCfg = Release|Any CPU
		{F5096CBE-B41C-4CB8-AF7C-A88E40E1BA27}.Release|Any CPU.Build.0 = Release|Any CPU
		{229B1813-73F8-4F14-88CC-1BBD6EB4BCFE}.Debug|Any CPU.ActiveCfg = Debug|Any CPU
		{229B1813-73F8-4F14-88CC-1BBD6EB4BCFE}.Debug|Any CPU.Build.0 = Debug|Any CPU
		{229B1813-73F8-4F14-88CC-1BBD6EB4BCFE}.Release|Any CPU.ActiveCfg = Release|Any CPU
		{229B1813-73F8-4F14-88CC-1BBD6EB4BCFE}.Release|Any CPU.Build.0 = Release|Any CPU
		{0DD30406-461F-4CEA-8203-D4A515CA7D70}.Debug|Any CPU.ActiveCfg = Debug|Any CPU
		{0DD30406-461F-4CEA-8203-D4A515CA7D70}.Debug|Any CPU.Build.0 = Debug|Any CPU
		{0DD30406-461F-4CEA-8203-D4A515CA7D70}.Release|Any CPU.ActiveCfg = Release|Any CPU
		{0DD30406-461F-4CEA-8203-D4A515CA7D70}.Release|Any CPU.Build.0 = Release|Any CPU
		{81B0CE37-BC19-41FF-9730-A6A2A9F7D31E}.Debug|Any CPU.ActiveCfg = Debug|Any CPU
		{81B0CE37-BC19-41FF-9730-A6A2A9F7D31E}.Debug|Any CPU.Build.0 = Debug|Any CPU
		{81B0CE37-BC19-41FF-9730-A6A2A9F7D31E}.Release|Any CPU.ActiveCfg = Release|Any CPU
		{81B0CE37-BC19-41FF-9730-A6A2A9F7D31E}.Release|Any CPU.Build.0 = Release|Any CPU
		{B1204452-6BEA-425C-A4B3-531E8C0ADA00}.Debug|Any CPU.ActiveCfg = Debug|Any CPU
		{B1204452-6BEA-425C-A4B3-531E8C0ADA00}.Debug|Any CPU.Build.0 = Debug|Any CPU
		{B1204452-6BEA-425C-A4B3-531E8C0ADA00}.Release|Any CPU.ActiveCfg = Release|Any CPU
		{B1204452-6BEA-425C-A4B3-531E8C0ADA00}.Release|Any CPU.Build.0 = Release|Any CPU
		{D0700877-C380-43CD-BC9D-90E33D0E4597}.Debug|Any CPU.ActiveCfg = Debug|Any CPU
		{D0700877-C380-43CD-BC9D-90E33D0E4597}.Debug|Any CPU.Build.0 = Debug|Any CPU
		{D0700877-C380-43CD-BC9D-90E33D0E4597}.Release|Any CPU.ActiveCfg = Release|Any CPU
		{D0700877-C380-43CD-BC9D-90E33D0E4597}.Release|Any CPU.Build.0 = Release|Any CPU
		{E2557167-CF46-446B-8C4C-747BEB8E233F}.Debug|Any CPU.ActiveCfg = Debug|Any CPU
		{E2557167-CF46-446B-8C4C-747BEB8E233F}.Debug|Any CPU.Build.0 = Debug|Any CPU
		{E2557167-CF46-446B-8C4C-747BEB8E233F}.Release|Any CPU.ActiveCfg = Release|Any CPU
		{E2557167-CF46-446B-8C4C-747BEB8E233F}.Release|Any CPU.Build.0 = Release|Any CPU
		{9D8D07E2-1D63-4B72-AA43-4C9652006855}.Debug|Any CPU.ActiveCfg = Debug|Any CPU
		{9D8D07E2-1D63-4B72-AA43-4C9652006855}.Debug|Any CPU.Build.0 = Debug|Any CPU
		{9D8D07E2-1D63-4B72-AA43-4C9652006855}.Release|Any CPU.ActiveCfg = Release|Any CPU
		{9D8D07E2-1D63-4B72-AA43-4C9652006855}.Release|Any CPU.Build.0 = Release|Any CPU
		{7E2B9962-B287-4892-A931-A01A27AC9558}.Debug|Any CPU.ActiveCfg = Debug|Any CPU
		{7E2B9962-B287-4892-A931-A01A27AC9558}.Debug|Any CPU.Build.0 = Debug|Any CPU
		{7E2B9962-B287-4892-A931-A01A27AC9558}.Release|Any CPU.ActiveCfg = Release|Any CPU
		{7E2B9962-B287-4892-A931-A01A27AC9558}.Release|Any CPU.Build.0 = Release|Any CPU
		{B10D42D8-A598-4C87-BC96-C549B90BB1FB}.Debug|Any CPU.ActiveCfg = Debug|Any CPU
		{B10D42D8-A598-4C87-BC96-C549B90BB1FB}.Debug|Any CPU.Build.0 = Debug|Any CPU
		{B10D42D8-A598-4C87-BC96-C549B90BB1FB}.Release|Any CPU.ActiveCfg = Release|Any CPU
		{B10D42D8-A598-4C87-BC96-C549B90BB1FB}.Release|Any CPU.Build.0 = Release|Any CPU
		{6DE2BBE8-3515-4521-911A-D1EEF0423DA0}.Debug|Any CPU.ActiveCfg = Debug|Any CPU
		{6DE2BBE8-3515-4521-911A-D1EEF0423DA0}.Debug|Any CPU.Build.0 = Debug|Any CPU
		{6DE2BBE8-3515-4521-911A-D1EEF0423DA0}.Release|Any CPU.ActiveCfg = Release|Any CPU
		{6DE2BBE8-3515-4521-911A-D1EEF0423DA0}.Release|Any CPU.Build.0 = Release|Any CPU
		{39B36036-22FD-4136-9290-892848F028C4}.Debug|Any CPU.ActiveCfg = Debug|Any CPU
		{39B36036-22FD-4136-9290-892848F028C4}.Debug|Any CPU.Build.0 = Debug|Any CPU
		{39B36036-22FD-4136-9290-892848F028C4}.Release|Any CPU.ActiveCfg = Release|Any CPU
		{39B36036-22FD-4136-9290-892848F028C4}.Release|Any CPU.Build.0 = Release|Any CPU
		{93DF0DA2-5C81-4EF0-8846-4A48AEA91567}.Debug|Any CPU.ActiveCfg = Debug|Any CPU
		{93DF0DA2-5C81-4EF0-8846-4A48AEA91567}.Debug|Any CPU.Build.0 = Debug|Any CPU
		{93DF0DA2-5C81-4EF0-8846-4A48AEA91567}.Release|Any CPU.ActiveCfg = Release|Any CPU
		{93DF0DA2-5C81-4EF0-8846-4A48AEA91567}.Release|Any CPU.Build.0 = Release|Any CPU
		{D7FBC24C-E8E2-44FE-AB0A-DA232692FBFF}.Debug|Any CPU.ActiveCfg = Debug|Any CPU
		{D7FBC24C-E8E2-44FE-AB0A-DA232692FBFF}.Debug|Any CPU.Build.0 = Debug|Any CPU
		{D7FBC24C-E8E2-44FE-AB0A-DA232692FBFF}.Release|Any CPU.ActiveCfg = Release|Any CPU
		{D7FBC24C-E8E2-44FE-AB0A-DA232692FBFF}.Release|Any CPU.Build.0 = Release|Any CPU
		{BEF3C2CD-6016-43CE-94DF-6FAA74148CC4}.Debug|Any CPU.ActiveCfg = Debug|Any CPU
		{BEF3C2CD-6016-43CE-94DF-6FAA74148CC4}.Debug|Any CPU.Build.0 = Debug|Any CPU
		{BEF3C2CD-6016-43CE-94DF-6FAA74148CC4}.Release|Any CPU.ActiveCfg = Release|Any CPU
		{BEF3C2CD-6016-43CE-94DF-6FAA74148CC4}.Release|Any CPU.Build.0 = Release|Any CPU
		{650A2879-1F38-43AE-9664-70F0706B88F9}.Debug|Any CPU.ActiveCfg = Debug|Any CPU
		{650A2879-1F38-43AE-9664-70F0706B88F9}.Debug|Any CPU.Build.0 = Debug|Any CPU
		{650A2879-1F38-43AE-9664-70F0706B88F9}.Release|Any CPU.ActiveCfg = Release|Any CPU
		{650A2879-1F38-43AE-9664-70F0706B88F9}.Release|Any CPU.Build.0 = Release|Any CPU
		{16C0B5A9-03BA-4C88-9DAA-910BBB6E8586}.Debug|Any CPU.ActiveCfg = Debug|Any CPU
		{16C0B5A9-03BA-4C88-9DAA-910BBB6E8586}.Debug|Any CPU.Build.0 = Debug|Any CPU
		{16C0B5A9-03BA-4C88-9DAA-910BBB6E8586}.Release|Any CPU.ActiveCfg = Release|Any CPU
		{16C0B5A9-03BA-4C88-9DAA-910BBB6E8586}.Release|Any CPU.Build.0 = Release|Any CPU
		{2DEFC7FE-DDDD-4179-A73C-F201C0AA67DB}.Debug|Any CPU.ActiveCfg = Debug|Any CPU
		{2DEFC7FE-DDDD-4179-A73C-F201C0AA67DB}.Debug|Any CPU.Build.0 = Debug|Any CPU
		{2DEFC7FE-DDDD-4179-A73C-F201C0AA67DB}.Release|Any CPU.ActiveCfg = Release|Any CPU
		{2DEFC7FE-DDDD-4179-A73C-F201C0AA67DB}.Release|Any CPU.Build.0 = Release|Any CPU
		{0D7056B4-1205-42FE-A2BE-77F42DA207B6}.Debug|Any CPU.ActiveCfg = Debug|Any CPU
		{0D7056B4-1205-42FE-A2BE-77F42DA207B6}.Debug|Any CPU.Build.0 = Debug|Any CPU
		{0D7056B4-1205-42FE-A2BE-77F42DA207B6}.Release|Any CPU.ActiveCfg = Release|Any CPU
		{0D7056B4-1205-42FE-A2BE-77F42DA207B6}.Release|Any CPU.Build.0 = Release|Any CPU
		{27C90A95-C707-41E9-89D1-2BBEDE328609}.Debug|Any CPU.ActiveCfg = Debug|Any CPU
		{27C90A95-C707-41E9-89D1-2BBEDE328609}.Debug|Any CPU.Build.0 = Debug|Any CPU
		{27C90A95-C707-41E9-89D1-2BBEDE328609}.Release|Any CPU.ActiveCfg = Release|Any CPU
		{27C90A95-C707-41E9-89D1-2BBEDE328609}.Release|Any CPU.Build.0 = Release|Any CPU
	EndGlobalSection
	GlobalSection(SolutionProperties) = preSolution
		HideSolutionNode = FALSE
	EndGlobalSection
	GlobalSection(NestedProjects) = preSolution
		{78851EA4-9BD7-44CA-B684-2EFD4CA0D93D} = {14C63FB2-342B-449B-BFFE-25F1B130B222}
		{F8D5B802-ADFB-4553-98DB-1D8B76724432} = {3D96EED4-AA73-411C-88B9-063F128757B6}
		{3D99C8D2-3C78-496B-ADBD-392809990910} = {0BFCECB9-AAFA-403E-A22C-2534B5B3EBFB}
		{BEC6D3A7-61AB-4592-B1C3-29F04AA0006F} = {14C63FB2-342B-449B-BFFE-25F1B130B222}
		{184BBDCA-EE81-460C-86DE-7321CDF3AE40} = {BEC6D3A7-61AB-4592-B1C3-29F04AA0006F}
		{FC63D1AE-8130-4A82-8406-DF8D4ADE3A97} = {184BBDCA-EE81-460C-86DE-7321CDF3AE40}
		{72FDA146-C72D-4A89-AEF9-CBE56477C8AC} = {184BBDCA-EE81-460C-86DE-7321CDF3AE40}
		{1E4A9991-B144-4321-81E1-119681A66B0B} = {184BBDCA-EE81-460C-86DE-7321CDF3AE40}
		{52ABA0C7-F6CF-45FD-BCB9-2BD20B124CF6} = {BEC6D3A7-61AB-4592-B1C3-29F04AA0006F}
		{AFB10D4B-E533-4340-ABDF-AEB33464E1DE} = {52ABA0C7-F6CF-45FD-BCB9-2BD20B124CF6}
		{FC04DC0C-273D-4335-9929-04602AFA3623} = {52ABA0C7-F6CF-45FD-BCB9-2BD20B124CF6}
		{086DBD42-265E-4450-9D4F-9720722C1575} = {52ABA0C7-F6CF-45FD-BCB9-2BD20B124CF6}
		{8437894F-202A-405A-88F2-28FE8FD6B3B8} = {BEC6D3A7-61AB-4592-B1C3-29F04AA0006F}
		{A5F8ED8E-0B99-4E3A-8F7B-5D7B0194A09A} = {BEC6D3A7-61AB-4592-B1C3-29F04AA0006F}
		{34FC30E1-ABA9-4F8B-ADEF-7FA5774F9DBC} = {14C63FB2-342B-449B-BFFE-25F1B130B222}
		{C6A51C6B-444C-4136-B5E3-72981EF4F1D2} = {34FC30E1-ABA9-4F8B-ADEF-7FA5774F9DBC}
		{1B1CB29A-EF11-48F1-AA4C-72686362CB35} = {C6A51C6B-444C-4136-B5E3-72981EF4F1D2}
		{87D52AB1-1982-44C9-B28B-BB43CBAEB4C5} = {C6A51C6B-444C-4136-B5E3-72981EF4F1D2}
		{79587BD2-6029-4E0E-A4D0-3F8E24DA2B7D} = {C6A51C6B-444C-4136-B5E3-72981EF4F1D2}
		{982AA03D-8C0A-4FF1-9631-355287353F8A} = {34FC30E1-ABA9-4F8B-ADEF-7FA5774F9DBC}
		{B5359554-7053-4977-A89E-7B03E9C19FDA} = {982AA03D-8C0A-4FF1-9631-355287353F8A}
		{93B7A5E1-2335-42A6-AF2C-7E9F2C9947A2} = {982AA03D-8C0A-4FF1-9631-355287353F8A}
		{DD2F1021-BDCA-48E4-AB74-A062B29CCC39} = {982AA03D-8C0A-4FF1-9631-355287353F8A}
		{F31680DF-F3E3-4341-AC0D-28CE1B00233C} = {34FC30E1-ABA9-4F8B-ADEF-7FA5774F9DBC}
		{5BFB40B4-5FDA-4AC4-9427-1CCF95412C87} = {34FC30E1-ABA9-4F8B-ADEF-7FA5774F9DBC}
		{907D2124-E77B-4233-BB8E-CE659AB11709} = {14C63FB2-342B-449B-BFFE-25F1B130B222}
		{B5255DFE-C4B8-4488-B8C8-DB29460618D0} = {907D2124-E77B-4233-BB8E-CE659AB11709}
		{D8F34FB3-2CD0-406A-99E2-C48B2A8E6B5D} = {B5255DFE-C4B8-4488-B8C8-DB29460618D0}
		{1B99764A-410D-4105-BA6C-3A742FF955D0} = {B5255DFE-C4B8-4488-B8C8-DB29460618D0}
		{D13CB046-83B6-43FA-9363-4205641650D3} = {B5255DFE-C4B8-4488-B8C8-DB29460618D0}
		{206B96A0-F100-4615-92BD-20B6EB1F5634} = {907D2124-E77B-4233-BB8E-CE659AB11709}
		{F4182314-CEA2-4B36-B983-9515E94C41FC} = {206B96A0-F100-4615-92BD-20B6EB1F5634}
		{0FD4B7A5-B576-4C58-BC1E-BC8C51B8A765} = {206B96A0-F100-4615-92BD-20B6EB1F5634}
		{A90F3E89-8796-4AD3-BE15-0BDAD3BAD558} = {206B96A0-F100-4615-92BD-20B6EB1F5634}
		{15C68ED6-A4B2-4E2F-B0A1-28081CE513CF} = {907D2124-E77B-4233-BB8E-CE659AB11709}
		{3F9ACF47-1E40-4872-8840-08D2F6777C57} = {907D2124-E77B-4233-BB8E-CE659AB11709}
		{E98E0452-2A2D-4789-8B1D-149AA495078A} = {14C63FB2-342B-449B-BFFE-25F1B130B222}
		{798BF9D3-4675-45B1-8216-A9EE08CE95DD} = {E98E0452-2A2D-4789-8B1D-149AA495078A}
		{235206CA-92D4-4DEB-B5AA-5B5042BDFDD8} = {798BF9D3-4675-45B1-8216-A9EE08CE95DD}
		{850EE847-5E55-4362-9FEF-47284C5B5D4A} = {798BF9D3-4675-45B1-8216-A9EE08CE95DD}
		{F0922B25-CB62-41CE-BF00-DC0F5EA98393} = {798BF9D3-4675-45B1-8216-A9EE08CE95DD}
		{7460232A-A4D4-4F02-A692-C062353E21DD} = {E98E0452-2A2D-4789-8B1D-149AA495078A}
		{2B4736D7-9B53-4F37-8A56-E888F39A4C57} = {7460232A-A4D4-4F02-A692-C062353E21DD}
		{BC13F71B-FC2D-4C20-B78D-64C09A595661} = {7460232A-A4D4-4F02-A692-C062353E21DD}
		{8448574B-54D5-4612-BBDB-DC498B147F1D} = {7460232A-A4D4-4F02-A692-C062353E21DD}
		{B9E6EA47-5FA8-49F8-9EA9-20130396A3AF} = {E98E0452-2A2D-4789-8B1D-149AA495078A}
		{931492F5-CFD5-4BA9-A7A6-09F3FC142386} = {E98E0452-2A2D-4789-8B1D-149AA495078A}
		{77B67E19-B9D6-4066-937C-D6829A55D35D} = {14C63FB2-342B-449B-BFFE-25F1B130B222}
		{97068AEA-E945-4869-8B1A-93AE32DCD5CF} = {77B67E19-B9D6-4066-937C-D6829A55D35D}
		{96C1CE30-24DF-4E1C-8C8C-BED1C3AAA07C} = {97068AEA-E945-4869-8B1A-93AE32DCD5CF}
		{1E900462-64E2-4856-98A3-892DDDEFF329} = {97068AEA-E945-4869-8B1A-93AE32DCD5CF}
		{464433B0-97ED-4CCE-AD4E-DFA63E92336D} = {97068AEA-E945-4869-8B1A-93AE32DCD5CF}
		{3DCA7B73-A16F-48EC-A721-EA9C6502E820} = {77B67E19-B9D6-4066-937C-D6829A55D35D}
		{0DEC079C-0F87-4536-9FD8-3FB2A5172D87} = {3DCA7B73-A16F-48EC-A721-EA9C6502E820}
		{8D9A6C0D-4A15-4E87-8976-B389A1A03322} = {3DCA7B73-A16F-48EC-A721-EA9C6502E820}
		{0867B934-E264-47AD-9463-A3700B63D256} = {3DCA7B73-A16F-48EC-A721-EA9C6502E820}
		{DA598569-B458-4578-931D-8C7FD66688B5} = {77B67E19-B9D6-4066-937C-D6829A55D35D}
		{158E0B08-9D4B-47C9-99F4-C336EAE5FE68} = {77B67E19-B9D6-4066-937C-D6829A55D35D}
		{DFBF2FEA-C072-45FC-BA7E-3BD90AD5F759} = {14C63FB2-342B-449B-BFFE-25F1B130B222}
		{CE10308E-E299-4058-AABD-18925B31B3B0} = {DFBF2FEA-C072-45FC-BA7E-3BD90AD5F759}
		{F43BDDF1-F8FF-423B-8DB0-EC07F59E6B9F} = {CE10308E-E299-4058-AABD-18925B31B3B0}
		{3D70B66C-03E8-45EF-BCA1-2509AE4AA3A8} = {CE10308E-E299-4058-AABD-18925B31B3B0}
		{EFAF6818-F143-4719-8CDF-7496190EEA42} = {CE10308E-E299-4058-AABD-18925B31B3B0}
		{86842646-8909-42E4-8279-2E14100B05BE} = {DFBF2FEA-C072-45FC-BA7E-3BD90AD5F759}
		{CAF2A238-A31F-424F-AB69-2920C3EE3FCA} = {86842646-8909-42E4-8279-2E14100B05BE}
		{F5096CBE-B41C-4CB8-AF7C-A88E40E1BA27} = {86842646-8909-42E4-8279-2E14100B05BE}
		{229B1813-73F8-4F14-88CC-1BBD6EB4BCFE} = {86842646-8909-42E4-8279-2E14100B05BE}
		{0DD30406-461F-4CEA-8203-D4A515CA7D70} = {DFBF2FEA-C072-45FC-BA7E-3BD90AD5F759}
		{81B0CE37-BC19-41FF-9730-A6A2A9F7D31E} = {DFBF2FEA-C072-45FC-BA7E-3BD90AD5F759}
		{8553B656-C5C2-4C1C-9C32-0F696EE41810} = {14C63FB2-342B-449B-BFFE-25F1B130B222}
		{90758948-968B-4906-B231-3F81B8A09AA6} = {8553B656-C5C2-4C1C-9C32-0F696EE41810}
		{B1204452-6BEA-425C-A4B3-531E8C0ADA00} = {90758948-968B-4906-B231-3F81B8A09AA6}
		{D0700877-C380-43CD-BC9D-90E33D0E4597} = {90758948-968B-4906-B231-3F81B8A09AA6}
		{E2557167-CF46-446B-8C4C-747BEB8E233F} = {90758948-968B-4906-B231-3F81B8A09AA6}
		{7AA0F03A-842C-4AE7-97D2-F84B4908C312} = {8553B656-C5C2-4C1C-9C32-0F696EE41810}
		{9D8D07E2-1D63-4B72-AA43-4C9652006855} = {7AA0F03A-842C-4AE7-97D2-F84B4908C312}
		{7E2B9962-B287-4892-A931-A01A27AC9558} = {7AA0F03A-842C-4AE7-97D2-F84B4908C312}
		{B10D42D8-A598-4C87-BC96-C549B90BB1FB} = {7AA0F03A-842C-4AE7-97D2-F84B4908C312}
		{6DE2BBE8-3515-4521-911A-D1EEF0423DA0} = {8553B656-C5C2-4C1C-9C32-0F696EE41810}
		{39B36036-22FD-4136-9290-892848F028C4} = {8553B656-C5C2-4C1C-9C32-0F696EE41810}
		{ECD26671-7792-4875-A875-80BFD506E32F} = {14C63FB2-342B-449B-BFFE-25F1B130B222}
		{4EE731E8-FCB9-441A-9742-BDEF6E28969F} = {ECD26671-7792-4875-A875-80BFD506E32F}
		{93DF0DA2-5C81-4EF0-8846-4A48AEA91567} = {4EE731E8-FCB9-441A-9742-BDEF6E28969F}
		{D7FBC24C-E8E2-44FE-AB0A-DA232692FBFF} = {4EE731E8-FCB9-441A-9742-BDEF6E28969F}
		{BEF3C2CD-6016-43CE-94DF-6FAA74148CC4} = {4EE731E8-FCB9-441A-9742-BDEF6E28969F}
		{6D4F9292-F136-4D75-9134-99D310B2173D} = {ECD26671-7792-4875-A875-80BFD506E32F}
		{650A2879-1F38-43AE-9664-70F0706B88F9} = {6D4F9292-F136-4D75-9134-99D310B2173D}
		{16C0B5A9-03BA-4C88-9DAA-910BBB6E8586} = {6D4F9292-F136-4D75-9134-99D310B2173D}
		{2DEFC7FE-DDDD-4179-A73C-F201C0AA67DB} = {6D4F9292-F136-4D75-9134-99D310B2173D}
		{0D7056B4-1205-42FE-A2BE-77F42DA207B6} = {ECD26671-7792-4875-A875-80BFD506E32F}
		{27C90A95-C707-41E9-89D1-2BBEDE328609} = {ECD26671-7792-4875-A875-80BFD506E32F}
	EndGlobalSection
	GlobalSection(ExtensibilityGlobals) = postSolution
		SolutionGuid = {221662C8-DD8F-4690-AB53-704DA77C5D09}
	EndGlobalSection
EndGlobal
